
Microsoft Visual Studio Solution File, Format Version 12.00
# Visual Studio Version 17
VisualStudioVersion = 17.0.31903.59
MinimumVisualStudioVersion = 10.0.40219.1
Project("{FAE04EC0-301F-11D3-BF4B-00C04F79EFBC}") = "FlashCard.Api", "FlashCard.Api\FlashCard.Api.csproj", "{015F4B72-829B-4EDA-B6E1-0FFE3E10F9B1}"
EndProject
Project("{FAE04EC0-301F-11D3-BF4B-00C04F79EFBC}") = "FlashCard.App", "FlashCard.App\FlashCard.App.csproj", "{2DB3C2D0-AC95-E4B4-7A23-6CD04E8889D8}"
EndProject
Project("{FAE04EC0-301F-11D3-BF4B-00C04F79EFBC}") = "FlashCard.Tests", "FlashCard.Tests\FlashCard.Tests.csproj", "{6DB6A8C3-73C0-4653-9827-93204BEF9A22}"
EndProject
Project("{FAE04EC0-301F-11D3-BF4B-00C04F79EFBC}") = "FlashCard.E2ETests", "FlashCard.E2ETests\FlashCard.E2ETests.csproj", "{CE879692-571B-B3EC-FB5B-1EEE4F8ECFAC}"
EndProject
Global
	GlobalSection(SolutionConfigurationPlatforms) = preSolution
		Debug|Any CPU = Debug|Any CPU
		Debug|x64 = Debug|x64
		Debug|x86 = Debug|x86
		Release|Any CPU = Release|Any CPU
		Release|x64 = Release|x64
		Release|x86 = Release|x86
	EndGlobalSection
	GlobalSection(ProjectConfigurationPlatforms) = postSolution
		{015F4B72-829B-4EDA-B6E1-0FFE3E10F9B1}.Debug|Any CPU.ActiveCfg = Debug|Any CPU
		{015F4B72-829B-4EDA-B6E1-0FFE3E10F9B1}.Debug|Any CPU.Build.0 = Debug|Any CPU
		{015F4B72-829B-4EDA-B6E1-0FFE3E10F9B1}.Debug|x64.ActiveCfg = Debug|Any CPU
		{015F4B72-829B-4EDA-B6E1-0FFE3E10F9B1}.Debug|x64.Build.0 = Debug|Any CPU
		{015F4B72-829B-4EDA-B6E1-0FFE3E10F9B1}.Debug|x86.ActiveCfg = Debug|Any CPU
		{015F4B72-829B-4EDA-B6E1-0FFE3E10F9B1}.Debug|x86.Build.0 = Debug|Any CPU
		{015F4B72-829B-4EDA-B6E1-0FFE3E10F9B1}.Release|Any CPU.ActiveCfg = Release|Any CPU
		{015F4B72-829B-4EDA-B6E1-0FFE3E10F9B1}.Release|Any CPU.Build.0 = Release|Any CPU
		{015F4B72-829B-4EDA-B6E1-0FFE3E10F9B1}.Release|x64.ActiveCfg = Release|Any CPU
		{015F4B72-829B-4EDA-B6E1-0FFE3E10F9B1}.Release|x64.Build.0 = Release|Any CPU
		{015F4B72-829B-4EDA-B6E1-0FFE3E10F9B1}.Release|x86.ActiveCfg = Release|Any CPU
		{015F4B72-829B-4EDA-B6E1-0FFE3E10F9B1}.Release|x86.Build.0 = Release|Any CPU
		{2DB3C2D0-AC95-E4B4-7A23-6CD04E8889D8}.Debug|Any CPU.ActiveCfg = Debug|Any CPU
		{2DB3C2D0-AC95-E4B4-7A23-6CD04E8889D8}.Debug|Any CPU.Build.0 = Debug|Any CPU
		{2DB3C2D0-AC95-E4B4-7A23-6CD04E8889D8}.Debug|x64.ActiveCfg = Debug|Any CPU
		{2DB3C2D0-AC95-E4B4-7A23-6CD04E8889D8}.Debug|x64.Build.0 = Debug|Any CPU
		{2DB3C2D0-AC95-E4B4-7A23-6CD04E8889D8}.Debug|x86.ActiveCfg = Debug|Any CPU
		{2DB3C2D0-AC95-E4B4-7A23-6CD04E8889D8}.Debug|x86.Build.0 = Debug|Any CPU
		{2DB3C2D0-AC95-E4B4-7A23-6CD04E8889D8}.Release|Any CPU.ActiveCfg = Release|Any CPU
		{2DB3C2D0-AC95-E4B4-7A23-6CD04E8889D8}.Release|Any CPU.Build.0 = Release|Any CPU
		{2DB3C2D0-AC95-E4B4-7A23-6CD04E8889D8}.Release|x64.ActiveCfg = Release|Any CPU
		{2DB3C2D0-AC95-E4B4-7A23-6CD04E8889D8}.Release|x64.Build.0 = Release|Any CPU
		{2DB3C2D0-AC95-E4B4-7A23-6CD04E8889D8}.Release|x86.ActiveCfg = Release|Any CPU
		{2DB3C2D0-AC95-E4B4-7A23-6CD04E8889D8}.Release|x86.Build.0 = Release|Any CPU
		{6DB6A8C3-73C0-4653-9827-93204BEF9A22}.Debug|Any CPU.ActiveCfg = Debug|Any CPU
		{6DB6A8C3-73C0-4653-9827-93204BEF9A22}.Debug|Any CPU.Build.0 = Debug|Any CPU
		{6DB6A8C3-73C0-4653-9827-93204BEF9A22}.Debug|x64.ActiveCfg = Debug|Any CPU
		{6DB6A8C3-73C0-4653-9827-93204BEF9A22}.Debug|x64.Build.0 = Debug|Any CPU
		{6DB6A8C3-73C0-4653-9827-93204BEF9A22}.Debug|x86.ActiveCfg = Debug|Any CPU
		{6DB6A8C3-73C0-4653-9827-93204BEF9A22}.Debug|x86.Build.0 = Debug|Any CPU
		{6DB6A8C3-73C0-4653-9827-93204BEF9A22}.Release|Any CPU.ActiveCfg = Release|Any CPU
		{6DB6A8C3-73C0-4653-9827-93204BEF9A22}.Release|Any CPU.Build.0 = Release|Any CPU
		{6DB6A8C3-73C0-4653-9827-93204BEF9A22}.Release|x64.ActiveCfg = Release|Any CPU
		{6DB6A8C3-73C0-4653-9827-93204BEF9A22}.Release|x64.Build.0 = Release|Any CPU
		{6DB6A8C3-73C0-4653-9827-93204BEF9A22}.Release|x86.ActiveCfg = Release|Any CPU
		{6DB6A8C3-73C0-4653-9827-93204BEF9A22}.Release|x86.Build.0 = Release|Any CPU
		{CE879692-571B-B3EC-FB5B-1EEE4F8ECFAC}.Debug|Any CPU.ActiveCfg = Debug|Any CPU
		{CE879692-571B-B3EC-FB5B-1EEE4F8ECFAC}.Debug|Any CPU.Build.0 = Debug|Any CPU
		{CE879692-571B-B3EC-FB5B-1EEE4F8ECFAC}.Debug|x64.ActiveCfg = Debug|Any CPU
		{CE879692-571B-B3EC-FB5B-1EEE4F8ECFAC}.Debug|x64.Build.0 = Debug|Any CPU
		{CE879692-571B-B3EC-FB5B-1EEE4F8ECFAC}.Debug|x86.ActiveCfg = Debug|Any CPU
		{CE879692-571B-B3EC-FB5B-1EEE4F8ECFAC}.Debug|x86.Build.0 = Debug|Any CPU
		{CE879692-571B-B3EC-FB5B-1EEE4F8ECFAC}.Release|Any CPU.ActiveCfg = Release|Any CPU
		{CE879692-571B-B3EC-FB5B-1EEE4F8ECFAC}.Release|Any CPU.Build.0 = Release|Any CPU
		{CE879692-571B-B3EC-FB5B-1EEE4F8ECFAC}.Release|x64.ActiveCfg = Release|Any CPU
		{CE879692-571B-B3EC-FB5B-1EEE4F8ECFAC}.Release|x64.Build.0 = Release|Any CPU
		{CE879692-571B-B3EC-FB5B-1EEE4F8ECFAC}.Release|x86.ActiveCfg = Release|Any CPU
		{CE879692-571B-B3EC-FB5B-1EEE4F8ECFAC}.Release|x86.Build.0 = Release|Any CPU
	EndGlobalSection
	GlobalSection(SolutionProperties) = preSolution
		HideSolutionNode = FALSE
	EndGlobalSection
	GlobalSection(ExtensibilityGlobals) = postSolution
		SolutionGuid = {E0B69300-9CCE-436A-9590-44F86DF5BE14}
	EndGlobalSection
EndGlobal
